{
  "name": "hooklearn",
  "version": "1.0.0",
  "lockfileVersion": 3,
  "requires": true,
  "packages": {
    "": {
      "name": "hooklearn",
      "version": "1.0.0",
      "license": "ISC",
      "dependencies": {
        "frida-il2cpp-bridge": "^0.12.2"
      }
    },
    "node_modules/frida-il2cpp-bridge": {
      "version": "0.12.2",
      "resolved": "https://registry.npmjs.org/frida-il2cpp-bridge/-/frida-il2cpp-bridge-0.12.2.tgz",
      "integrity": "sha512-j9W44it4aw/6f7LBkT2bNSsH1E9OMHdWEPqWbc2zKzQEhzSfA6Ge8b9pwiBvTdmu50+09L9hzgmGN6ZpQaGJkA==",
      "bin": {
        "frida-il2cpp-bridge": "cli/main.py"
      }
    }
  }
}
